
Microsoft Visual Studio Solution File, Format Version 12.00
# Visual Studio Version 16
VisualStudioVersion = 25.0.1706.12
MinimumVisualStudioVersion = 10.0.40219.1
Project("{FAE04EC0-301F-11D3-BF4B-00C04F79EFBC}") = "Domain", "Domain\Domain.csproj", "{CC94D4B9-AFA2-44D2-AE02-7D9D97F0AF22}"
EndProject
Project("{FAE04EC0-301F-11D3-BF4B-00C04F79EFBC}") = "Presentation", "Presentation\Presentation.csproj", "{ECF9E6F2-C6CF-4288-A8BA-DEAB4C467CB6}"
EndProject
Project("{FAE04EC0-301F-11D3-BF4B-00C04F79EFBC}") = "API", "API\API.csproj", "{C8C2EEED-1DDC-4354-83C4-3F4BF59A627D}"
EndProject
Project("{FAE04EC0-301F-11D3-BF4B-00C04F79EFBC}") = "Infrastructure", "Infrastructure\Infrastructure.csproj", "{307CEC00-C1A9-4FEE-AB17-F9725578A2FC}"
EndProject
Global
	GlobalSection(SolutionConfigurationPlatforms) = preSolution
		Debug|Any CPU = Debug|Any CPU
		Release|Any CPU = Release|Any CPU
	EndGlobalSection
	GlobalSection(ProjectConfigurationPlatforms) = postSolution
		{34F79196-4A50-4305-A555-6F55240577F5}.Debug|Any CPU.ActiveCfg = Debug|Any CPU
		{34F79196-4A50-4305-A555-6F55240577F5}.Debug|Any CPU.Build.0 = Debug|Any CPU
		{34F79196-4A50-4305-A555-6F55240577F5}.Release|Any CPU.ActiveCfg = Release|Any CPU
		{34F79196-4A50-4305-A555-6F55240577F5}.Release|Any CPU.Build.0 = Release|Any CPU
		{CC94D4B9-AFA2-44D2-AE02-7D9D97F0AF22}.Debug|Any CPU.ActiveCfg = Debug|Any CPU
		{CC94D4B9-AFA2-44D2-AE02-7D9D97F0AF22}.Debug|Any CPU.Build.0 = Debug|Any CPU
		{CC94D4B9-AFA2-44D2-AE02-7D9D97F0AF22}.Release|Any CPU.ActiveCfg = Release|Any CPU
		{CC94D4B9-AFA2-44D2-AE02-7D9D97F0AF22}.Release|Any CPU.Build.0 = Release|Any CPU
		{ECF9E6F2-C6CF-4288-A8BA-DEAB4C467CB6}.Debug|Any CPU.ActiveCfg = Debug|Any CPU
		{ECF9E6F2-C6CF-4288-A8BA-DEAB4C467CB6}.Debug|Any CPU.Build.0 = Debug|Any CPU
		{ECF9E6F2-C6CF-4288-A8BA-DEAB4C467CB6}.Release|Any CPU.ActiveCfg = Release|Any CPU
		{ECF9E6F2-C6CF-4288-A8BA-DEAB4C467CB6}.Release|Any CPU.Build.0 = Release|Any CPU
		{C8C2EEED-1DDC-4354-83C4-3F4BF59A627D}.Debug|Any CPU.ActiveCfg = Debug|Any CPU
		{C8C2EEED-1DDC-4354-83C4-3F4BF59A627D}.Debug|Any CPU.Build.0 = Debug|Any CPU
		{C8C2EEED-1DDC-4354-83C4-3F4BF59A627D}.Release|Any CPU.ActiveCfg = Release|Any CPU
		{C8C2EEED-1DDC-4354-83C4-3F4BF59A627D}.Release|Any CPU.Build.0 = Release|Any CPU
		{307CEC00-C1A9-4FEE-AB17-F9725578A2FC}.Debug|Any CPU.ActiveCfg = Debug|Any CPU
		{307CEC00-C1A9-4FEE-AB17-F9725578A2FC}.Debug|Any CPU.Build.0 = Debug|Any CPU
		{307CEC00-C1A9-4FEE-AB17-F9725578A2FC}.Release|Any CPU.ActiveCfg = Release|Any CPU
		{307CEC00-C1A9-4FEE-AB17-F9725578A2FC}.Release|Any CPU.Build.0 = Release|Any CPU
	EndGlobalSection
	GlobalSection(SolutionProperties) = preSolution
		HideSolutionNode = FALSE
	EndGlobalSection
	GlobalSection(ExtensibilityGlobals) = postSolution
		SolutionGuid = {1297B13E-E336-40F3-9526-2355F9C6856E}
	EndGlobalSection
EndGlobal
