{
  "name": "personal-site",
  "version": "1.0.0",
  "lockfileVersion": 3,
  "requires": true,
  "packages": {
    "": {
      "name": "personal-site",
      "version": "1.0.0",
      "dependencies": {
        "alpinejs": "^3.15.12"
      },
      "devDependencies": {
        "@unocss/cli": "^66.6.8",
        "@unocss/reset": "^66.6.8",
        "unocss": "^66.6.8"
      }
    },
    "../../../.cache/aube/virtual-store/@unocss+cli@66.6.8-1f58ddaeb8295299/node_modules/@unocss/cli": {
      "version": "66.6.8",
      "dev": true,
      "license": "MIT",
      "dependencies": {
        "@jridgewell/remapping": "^2.3.5",
        "@unocss/config": "66.6.8",
        "@unocss/core": "66.6.8",
        "@unocss/preset-wind3": "66.6.8",
        "@unocss/preset-wind4": "66.6.8",
        "@unocss/transformer-directives": "66.6.8",
        "cac": "^7.0.0",
        "chokidar": "^5.0.0",
        "colorette": "^2.0.20",
        "consola": "^3.4.2",
        "magic-string": "^0.30.21",
        "pathe": "^2.0.3",
        "perfect-debounce": "^2.1.0",
        "tinyglobby": "^0.2.16",
        "unplugin-utils": "^0.3.1"
      },
      "bin": {
        "unocss": "bin/unocss.mjs"
      },
      "engines": {
        "node": ">=14"
      },
      "funding": {
        "url": "https://github.com/sponsors/antfu"
      }
    },
    "../../../.cache/aube/virtual-store/@unocss+reset@66.6.8-756a26d436dd42ee/node_modules/@unocss/reset": {
      "version": "66.6.8",
      "dev": true,
      "license": "MIT",
      "devDependencies": {
        "@csstools/normalize.css": "^12.1.1",
        "sanitize.css": "^13.0.0"
      },
      "funding": {
        "url": "https://github.com/sponsors/antfu"
      }
    },
    "../../../.cache/aube/virtual-store/alpinejs@3.15.12-c2d92dcf5cec33f2/node_modules/alpinejs": {
      "version": "3.15.12",
      "license": "MIT",
      "dependencies": {
        "@vue/reactivity": "~3.1.1"
      }
    },
    "../../../.cache/aube/virtual-store/unocss@66.6.8-81d10a2dff9566cf/node_modules/unocss": {
      "version": "66.6.8",
      "dev": true,
      "license": "MIT",
      "dependencies": {
        "@unocss/cli": "66.6.8",
        "@unocss/core": "66.6.8",
        "@unocss/preset-attributify": "66.6.8",
        "@unocss/preset-icons": "66.6.8",
        "@unocss/preset-mini": "66.6.8",
        "@unocss/preset-tagify": "66.6.8",
        "@unocss/preset-typography": "66.6.8",
        "@unocss/preset-uno": "66.6.8",
        "@unocss/preset-web-fonts": "66.6.8",
        "@unocss/preset-wind": "66.6.8",
        "@unocss/preset-wind3": "66.6.8",
        "@unocss/preset-wind4": "66.6.8",
        "@unocss/transformer-attributify-jsx": "66.6.8",
        "@unocss/transformer-compile-class": "66.6.8",
        "@unocss/transformer-directives": "66.6.8",
        "@unocss/transformer-variant-group": "66.6.8",
        "@unocss/vite": "66.6.8"
      },
      "devDependencies": {
        "@unocss/astro": "66.6.8",
        "@unocss/postcss": "66.6.8",
        "@unocss/webpack": "66.6.8"
      },
      "engines": {
        "node": ">=14"
      },
      "funding": {
        "url": "https://github.com/sponsors/antfu"
      },
      "peerDependencies": {
        "@unocss/astro": "66.6.8",
        "@unocss/postcss": "66.6.8",
        "@unocss/webpack": "66.6.8"
      },
      "peerDependenciesMeta": {
        "@unocss/astro": {
          "optional": true
        },
        "@unocss/postcss": {
          "optional": true
        },
        "@unocss/webpack": {
          "optional": true
        }
      }
    },
    "node_modules/@unocss/cli": {
      "resolved": "../../../.cache/aube/virtual-store/@unocss+cli@66.6.8-1f58ddaeb8295299/node_modules/@unocss/cli",
      "link": true
    },
    "node_modules/@unocss/reset": {
      "resolved": "../../../.cache/aube/virtual-store/@unocss+reset@66.6.8-756a26d436dd42ee/node_modules/@unocss/reset",
      "link": true
    },
    "node_modules/alpinejs": {
      "resolved": "../../../.cache/aube/virtual-store/alpinejs@3.15.12-c2d92dcf5cec33f2/node_modules/alpinejs",
      "link": true
    },
    "node_modules/unocss": {
      "resolved": "../../../.cache/aube/virtual-store/unocss@66.6.8-81d10a2dff9566cf/node_modules/unocss",
      "link": true
    }
  }
}
